
Microsoft Visual Studio Solution File, Format Version 12.00
# Visual Studio Version 17
VisualStudioVersion = 17.0.31612.314
MinimumVisualStudioVersion = 10.0.40219.1
Project("{2150E333-8FDC-42A3-9474-1A3956D46DE8}") = "Services", "Services", "{343CE8F9-83AE-4BCC-A7AC-22CB64182BA0}"
EndProject
Project("{2150E333-8FDC-42A3-9474-1A3956D46DE8}") = "Catalog", "Catalog", "{321C2748-EABB-4956-8B2F-9FB73747FEDD}"
EndProject
Project("{9A19103F-16F7-4668-BE54-9A1E7A4F7556}") = "Catalog.API", "Services\Catalog\Catalog.API\Catalog.API.csproj", "{F44BB7FE-D16D-4237-8594-513062C9685A}"
EndProject
Project("{E53339B2-1760-4266-BCC7-CA923CBCF16C}") = "docker-compose", "docker-compose.dcproj", "{E1D442B7-1771-48A4-908B-BED0A6EC369F}"
EndProject
Project("{2150E333-8FDC-42A3-9474-1A3956D46DE8}") = "Basket", "Basket", "{34CA24A9-1EFA-4518-987F-B5DA0E0F5AD7}"
EndProject
Project("{9A19103F-16F7-4668-BE54-9A1E7A4F7556}") = "Basket.API", "services\basket\Basket.API\Basket.API.csproj", "{7EF5C859-816D-4B96-855D-485D281D6B68}"
EndProject
Project("{2150E333-8FDC-42A3-9474-1A3956D46DE8}") = "Discount", "Discount", "{FB85DFD4-FE0C-4A10-9EBB-08E37F306D0E}"
EndProject
Project("{9A19103F-16F7-4668-BE54-9A1E7A4F7556}") = "Discount.API", "Services\Discount\Discount.API\Discount.API.csproj", "{E4D4DF47-32C1-4378-B842-8D43949A022B}"
EndProject
Project("{9A19103F-16F7-4668-BE54-9A1E7A4F7556}") = "Discount.Grpc", "Services\Discount\Discount.Grpc\Discount.Grpc.csproj", "{DEABB2BD-7D00-45BA-B36B-AE05342D61CD}"
EndProject
Project("{2150E333-8FDC-42A3-9474-1A3956D46DE8}") = "Ordering", "Ordering", "{FAD7582E-F404-4A74-809E-B3E7CF029574}"
EndProject
Project("{9A19103F-16F7-4668-BE54-9A1E7A4F7556}") = "Ordering.API", "Services\Ordering\Ordering.API\Ordering.API.csproj", "{549CF27F-BB0C-4780-BCBF-447ACA17C073}"
EndProject
Project("{9A19103F-16F7-4668-BE54-9A1E7A4F7556}") = "Ordering.Domain", "Services\Ordering\Ordering.Domain\Ordering.Domain.csproj", "{0FEAD3AA-E50B-490F-A4E0-608762A5F261}"
EndProject
Project("{9A19103F-16F7-4668-BE54-9A1E7A4F7556}") = "Ordering.Application", "Services\Ordering\Ordering.Application\Ordering.Application.csproj", "{0BD7F18B-E121-4B95-A6EF-87296DAB92EE}"
EndProject
Project("{9A19103F-16F7-4668-BE54-9A1E7A4F7556}") = "Ordering.Infastructure", "Services\Ordering\Ordering.Infastructure\Ordering.Infastructure.csproj", "{991F1399-70E9-4251-959C-677A15E5B409}"
EndProject
Project("{2150E333-8FDC-42A3-9474-1A3956D46DE8}") = "BuildingBlocks", "BuildingBlocks", "{AC5112E7-AFA0-470B-8553-05540F84DE81}"
EndProject
Project("{FAE04EC0-301F-11D3-BF4B-00C04F79EFBC}") = "EventBus.Messages", "BuildingBlocks\EventBus.Messages\EventBus.Messages.csproj", "{4A3EB260-D5EE-4223-8F15-6F626D7872C6}"
EndProject
Project("{2150E333-8FDC-42A3-9474-1A3956D46DE8}") = "ApiGateways", "ApiGateways", "{A4464B4A-7AB7-4738-8302-252C428FFE0F}"
EndProject
Project("{FAE04EC0-301F-11D3-BF4B-00C04F79EFBC}") = "OcelotApiGw", "..\ApiGateways\OcelotApiGw\OcelotApiGw.csproj", "{BBE74787-38BE-4DBD-ABFF-B4ACC332F44A}"
EndProject
Global
	GlobalSection(SolutionConfigurationPlatforms) = preSolution
		Debug|Any CPU = Debug|Any CPU
		Release|Any CPU = Release|Any CPU
	EndGlobalSection
	GlobalSection(ProjectConfigurationPlatforms) = postSolution
		{F44BB7FE-D16D-4237-8594-513062C9685A}.Debug|Any CPU.ActiveCfg = Debug|Any CPU
		{F44BB7FE-D16D-4237-8594-513062C9685A}.Debug|Any CPU.Build.0 = Debug|Any CPU
		{F44BB7FE-D16D-4237-8594-513062C9685A}.Release|Any CPU.ActiveCfg = Release|Any CPU
		{F44BB7FE-D16D-4237-8594-513062C9685A}.Release|Any CPU.Build.0 = Release|Any CPU
		{E1D442B7-1771-48A4-908B-BED0A6EC369F}.Debug|Any CPU.ActiveCfg = Debug|Any CPU
		{E1D442B7-1771-48A4-908B-BED0A6EC369F}.Debug|Any CPU.Build.0 = Debug|Any CPU
		{E1D442B7-1771-48A4-908B-BED0A6EC369F}.Release|Any CPU.ActiveCfg = Release|Any CPU
		{E1D442B7-1771-48A4-908B-BED0A6EC369F}.Release|Any CPU.Build.0 = Release|Any CPU
		{7EF5C859-816D-4B96-855D-485D281D6B68}.Debug|Any CPU.ActiveCfg = Debug|Any CPU
		{7EF5C859-816D-4B96-855D-485D281D6B68}.Debug|Any CPU.Build.0 = Debug|Any CPU
		{7EF5C859-816D-4B96-855D-485D281D6B68}.Release|Any CPU.ActiveCfg = Release|Any CPU
		{7EF5C859-816D-4B96-855D-485D281D6B68}.Release|Any CPU.Build.0 = Release|Any CPU
		{E4D4DF47-32C1-4378-B842-8D43949A022B}.Debug|Any CPU.ActiveCfg = Debug|Any CPU
		{E4D4DF47-32C1-4378-B842-8D43949A022B}.Debug|Any CPU.Build.0 = Debug|Any CPU
		{E4D4DF47-32C1-4378-B842-8D43949A022B}.Release|Any CPU.ActiveCfg = Release|Any CPU
		{E4D4DF47-32C1-4378-B842-8D43949A022B}.Release|Any CPU.Build.0 = Release|Any CPU
		{DEABB2BD-7D00-45BA-B36B-AE05342D61CD}.Debug|Any CPU.ActiveCfg = Debug|Any CPU
		{DEABB2BD-7D00-45BA-B36B-AE05342D61CD}.Debug|Any CPU.Build.0 = Debug|Any CPU
		{DEABB2BD-7D00-45BA-B36B-AE05342D61CD}.Release|Any CPU.ActiveCfg = Release|Any CPU
		{DEABB2BD-7D00-45BA-B36B-AE05342D61CD}.Release|Any CPU.Build.0 = Release|Any CPU
		{549CF27F-BB0C-4780-BCBF-447ACA17C073}.Debug|Any CPU.ActiveCfg = Debug|Any CPU
		{549CF27F-BB0C-4780-BCBF-447ACA17C073}.Debug|Any CPU.Build.0 = Debug|Any CPU
		{549CF27F-BB0C-4780-BCBF-447ACA17C073}.Release|Any CPU.ActiveCfg = Release|Any CPU
		{549CF27F-BB0C-4780-BCBF-447ACA17C073}.Release|Any CPU.Build.0 = Release|Any CPU
		{0FEAD3AA-E50B-490F-A4E0-608762A5F261}.Debug|Any CPU.ActiveCfg = Debug|Any CPU
		{0FEAD3AA-E50B-490F-A4E0-608762A5F261}.Debug|Any CPU.Build.0 = Debug|Any CPU
		{0FEAD3AA-E50B-490F-A4E0-608762A5F261}.Release|Any CPU.ActiveCfg = Release|Any CPU
		{0FEAD3AA-E50B-490F-A4E0-608762A5F261}.Release|Any CPU.Build.0 = Release|Any CPU
		{0BD7F18B-E121-4B95-A6EF-87296DAB92EE}.Debug|Any CPU.ActiveCfg = Debug|Any CPU
		{0BD7F18B-E121-4B95-A6EF-87296DAB92EE}.Debug|Any CPU.Build.0 = Debug|Any CPU
		{0BD7F18B-E121-4B95-A6EF-87296DAB92EE}.Release|Any CPU.ActiveCfg = Release|Any CPU
		{0BD7F18B-E121-4B95-A6EF-87296DAB92EE}.Release|Any CPU.Build.0 = Release|Any CPU
		{991F1399-70E9-4251-959C-677A15E5B409}.Debug|Any CPU.ActiveCfg = Debug|Any CPU
		{991F1399-70E9-4251-959C-677A15E5B409}.Debug|Any CPU.Build.0 = Debug|Any CPU
		{991F1399-70E9-4251-959C-677A15E5B409}.Release|Any CPU.ActiveCfg = Release|Any CPU
		{991F1399-70E9-4251-959C-677A15E5B409}.Release|Any CPU.Build.0 = Release|Any CPU
		{4A3EB260-D5EE-4223-8F15-6F626D7872C6}.Debug|Any CPU.ActiveCfg = Debug|Any CPU
		{4A3EB260-D5EE-4223-8F15-6F626D7872C6}.Debug|Any CPU.Build.0 = Debug|Any CPU
		{4A3EB260-D5EE-4223-8F15-6F626D7872C6}.Release|Any CPU.ActiveCfg = Release|Any CPU
		{4A3EB260-D5EE-4223-8F15-6F626D7872C6}.Release|Any CPU.Build.0 = Release|Any CPU
		{BBE74787-38BE-4DBD-ABFF-B4ACC332F44A}.Debug|Any CPU.ActiveCfg = Debug|Any CPU
		{BBE74787-38BE-4DBD-ABFF-B4ACC332F44A}.Debug|Any CPU.Build.0 = Debug|Any CPU
		{BBE74787-38BE-4DBD-ABFF-B4ACC332F44A}.Release|Any CPU.ActiveCfg = Release|Any CPU
		{BBE74787-38BE-4DBD-ABFF-B4ACC332F44A}.Release|Any CPU.Build.0 = Release|Any CPU
	EndGlobalSection
	GlobalSection(SolutionProperties) = preSolution
		HideSolutionNode = FALSE
	EndGlobalSection
	GlobalSection(NestedProjects) = preSolution
		{321C2748-EABB-4956-8B2F-9FB73747FEDD} = {343CE8F9-83AE-4BCC-A7AC-22CB64182BA0}
		{F44BB7FE-D16D-4237-8594-513062C9685A} = {321C2748-EABB-4956-8B2F-9FB73747FEDD}
		{34CA24A9-1EFA-4518-987F-B5DA0E0F5AD7} = {343CE8F9-83AE-4BCC-A7AC-22CB64182BA0}
		{7EF5C859-816D-4B96-855D-485D281D6B68} = {34CA24A9-1EFA-4518-987F-B5DA0E0F5AD7}
		{FB85DFD4-FE0C-4A10-9EBB-08E37F306D0E} = {343CE8F9-83AE-4BCC-A7AC-22CB64182BA0}
		{E4D4DF47-32C1-4378-B842-8D43949A022B} = {FB85DFD4-FE0C-4A10-9EBB-08E37F306D0E}
		{DEABB2BD-7D00-45BA-B36B-AE05342D61CD} = {FB85DFD4-FE0C-4A10-9EBB-08E37F306D0E}
		{FAD7582E-F404-4A74-809E-B3E7CF029574} = {343CE8F9-83AE-4BCC-A7AC-22CB64182BA0}
		{549CF27F-BB0C-4780-BCBF-447ACA17C073} = {FAD7582E-F404-4A74-809E-B3E7CF029574}
		{0FEAD3AA-E50B-490F-A4E0-608762A5F261} = {FAD7582E-F404-4A74-809E-B3E7CF029574}
		{0BD7F18B-E121-4B95-A6EF-87296DAB92EE} = {FAD7582E-F404-4A74-809E-B3E7CF029574}
		{991F1399-70E9-4251-959C-677A15E5B409} = {FAD7582E-F404-4A74-809E-B3E7CF029574}
		{4A3EB260-D5EE-4223-8F15-6F626D7872C6} = {AC5112E7-AFA0-470B-8553-05540F84DE81}
		{BBE74787-38BE-4DBD-ABFF-B4ACC332F44A} = {A4464B4A-7AB7-4738-8302-252C428FFE0F}
	EndGlobalSection
	GlobalSection(ExtensibilityGlobals) = postSolution
		SolutionGuid = {40FCE40E-DB63-4F6E-B648-EFBE153C88B0}
	EndGlobalSection
EndGlobal
