
Microsoft Visual Studio Solution File, Format Version 12.00
# Visual Studio Version 17
VisualStudioVersion = 17.0.31612.314
MinimumVisualStudioVersion = 10.0.40219.1
Project("{2150E333-8FDC-42A3-9474-1A3956D46DE8}") = "Services", "Services", "{343CE8F9-83AE-4BCC-A7AC-22CB64182BA0}"
EndProject
Project("{2150E333-8FDC-42A3-9474-1A3956D46DE8}") = "Catalog", "Catalog", "{321C2748-EABB-4956-8B2F-9FB73747FEDD}"
EndProject
Project("{9A19103F-16F7-4668-BE54-9A1E7A4F7556}") = "Catalog.API", "Services\Catalog\Catalog.API\Catalog.API.csproj", "{F44BB7FE-D16D-4237-8594-513062C9685A}"
EndProject
Project("{E53339B2-1760-4266-BCC7-CA923CBCF16C}") = "docker-compose", "docker-compose.dcproj", "{E1D442B7-1771-48A4-908B-BED0A6EC369F}"
EndProject
Project("{2150E333-8FDC-42A3-9474-1A3956D46DE8}") = "Basket", "Basket", "{34CA24A9-1EFA-4518-987F-B5DA0E0F5AD7}"
EndProject
Project("{9A19103F-16F7-4668-BE54-9A1E7A4F7556}") = "Basket.API", "services\basket\Basket.API\Basket.API.csproj", "{7EF5C859-816D-4B96-855D-485D281D6B68}"
EndProject
Project("{2150E333-8FDC-42A3-9474-1A3956D46DE8}") = "Discount", "Discount", "{FB85DFD4-FE0C-4A10-9EBB-08E37F306D0E}"
EndProject
Project("{FAE04EC0-301F-11D3-BF4B-00C04F79EFBC}") = "Discount.API", "Services\Discount\Discount.API\Discount.API.csproj", "{E4D4DF47-32C1-4378-B842-8D43949A022B}"
EndProject
Global
	GlobalSection(SolutionConfigurationPlatforms) = preSolution
		Debug|Any CPU = Debug|Any CPU
		Release|Any CPU = Release|Any CPU
	EndGlobalSection
	GlobalSection(ProjectConfigurationPlatforms) = postSolution
		{F44BB7FE-D16D-4237-8594-513062C9685A}.Debug|Any CPU.ActiveCfg = Debug|Any CPU
		{F44BB7FE-D16D-4237-8594-513062C9685A}.Debug|Any CPU.Build.0 = Debug|Any CPU
		{F44BB7FE-D16D-4237-8594-513062C9685A}.Release|Any CPU.ActiveCfg = Release|Any CPU
		{F44BB7FE-D16D-4237-8594-513062C9685A}.Release|Any CPU.Build.0 = Release|Any CPU
		{E1D442B7-1771-48A4-908B-BED0A6EC369F}.Debug|Any CPU.ActiveCfg = Debug|Any CPU
		{E1D442B7-1771-48A4-908B-BED0A6EC369F}.Debug|Any CPU.Build.0 = Debug|Any CPU
		{E1D442B7-1771-48A4-908B-BED0A6EC369F}.Release|Any CPU.ActiveCfg = Release|Any CPU
		{E1D442B7-1771-48A4-908B-BED0A6EC369F}.Release|Any CPU.Build.0 = Release|Any CPU
		{7EF5C859-816D-4B96-855D-485D281D6B68}.Debug|Any CPU.ActiveCfg = Debug|Any CPU
		{7EF5C859-816D-4B96-855D-485D281D6B68}.Debug|Any CPU.Build.0 = Debug|Any CPU
		{7EF5C859-816D-4B96-855D-485D281D6B68}.Release|Any CPU.ActiveCfg = Release|Any CPU
		{7EF5C859-816D-4B96-855D-485D281D6B68}.Release|Any CPU.Build.0 = Release|Any CPU
		{E4D4DF47-32C1-4378-B842-8D43949A022B}.Debug|Any CPU.ActiveCfg = Debug|Any CPU
		{E4D4DF47-32C1-4378-B842-8D43949A022B}.Debug|Any CPU.Build.0 = Debug|Any CPU
		{E4D4DF47-32C1-4378-B842-8D43949A022B}.Release|Any CPU.ActiveCfg = Release|Any CPU
		{E4D4DF47-32C1-4378-B842-8D43949A022B}.Release|Any CPU.Build.0 = Release|Any CPU
	EndGlobalSection
	GlobalSection(SolutionProperties) = preSolution
		HideSolutionNode = FALSE
	EndGlobalSection
	GlobalSection(NestedProjects) = preSolution
		{321C2748-EABB-4956-8B2F-9FB73747FEDD} = {343CE8F9-83AE-4BCC-A7AC-22CB64182BA0}
		{F44BB7FE-D16D-4237-8594-513062C9685A} = {321C2748-EABB-4956-8B2F-9FB73747FEDD}
		{34CA24A9-1EFA-4518-987F-B5DA0E0F5AD7} = {343CE8F9-83AE-4BCC-A7AC-22CB64182BA0}
		{7EF5C859-816D-4B96-855D-485D281D6B68} = {34CA24A9-1EFA-4518-987F-B5DA0E0F5AD7}
		{FB85DFD4-FE0C-4A10-9EBB-08E37F306D0E} = {343CE8F9-83AE-4BCC-A7AC-22CB64182BA0}
		{E4D4DF47-32C1-4378-B842-8D43949A022B} = {FB85DFD4-FE0C-4A10-9EBB-08E37F306D0E}
	EndGlobalSection
	GlobalSection(ExtensibilityGlobals) = postSolution
		SolutionGuid = {40FCE40E-DB63-4F6E-B648-EFBE153C88B0}
	EndGlobalSection
EndGlobal
